Microsoft Visual Studio Solution File, Format Version 12.00
# Visual Studio 15
Project("{8BC9CEB8-8B4A-11D0-8D11-00A0C91BC942}") = "ALL_BUILD", "ALL_BUILD.vcxproj", "{FD03A858-2AFB-3F5A-B144-69328F11CA57}"
	ProjectSection(ProjectDependencies) = postProject
		{7B74F9EF-6BAE-313F-95DC-C047ECFDF804} = {7B74F9EF-6BAE-313F-95DC-C047ECFDF804}
		{DD6E42B0-2496-3373-A33C-F89159B59FA1} = {DD6E42B0-2496-3373-A33C-F89159B59FA1}
	EndProjectSection
EndProject
Project("{8BC9CEB8-8B4A-11D0-8D11-00A0C91BC942}") = "INSTALL", "INSTALL.vcxproj", "{37C89627-5684-33F3-9C32-A4A8B6ED88AD}"
	ProjectSection(ProjectDependencies) = postProject
		{FD03A858-2AFB-3F5A-B144-69328F11CA57} = {FD03A858-2AFB-3F5A-B144-69328F11CA57}
		{DD6E42B0-2496-3373-A33C-F89159B59FA1} = {DD6E42B0-2496-3373-A33C-F89159B59FA1}
	EndProjectSection
EndProject
Project("{8BC9CEB8-8B4A-11D0-8D11-00A0C91BC942}") = "PccAppMetrics", "PccAppMetrics.vcxproj", "{7B74F9EF-6BAE-313F-95DC-C047ECFDF804}"
	ProjectSection(ProjectDependencies) = postProject
		{3323BC58-6D65-3601-A373-7D4D80732B8D} = {3323BC58-6D65-3601-A373-7D4D80732B8D}
		{D98B6C4D-DD56-38EA-ADA0-482738D89288} = {D98B6C4D-DD56-38EA-ADA0-482738D89288}
		{DD6E42B0-2496-3373-A33C-F89159B59FA1} = {DD6E42B0-2496-3373-A33C-F89159B59FA1}
		{84CB8609-9489-3325-BE47-90906BB8B623} = {84CB8609-9489-3325-BE47-90906BB8B623}
	EndProjectSection
EndProject
Project("{8BC9CEB8-8B4A-11D0-8D11-00A0C91BC942}") = "PccLibCommon", "..\..\lib\PccLibCommon\PccLibCommon.vcxproj", "{3323BC58-6D65-3601-A373-7D4D80732B8D}"
	ProjectSection(ProjectDependencies) = postProject
		{DD6E42B0-2496-3373-A33C-F89159B59FA1} = {DD6E42B0-2496-3373-A33C-F89159B59FA1}
	EndProjectSection
EndProject
Project("{8BC9CEB8-8B4A-11D0-8D11-00A0C91BC942}") = "PccLibMetrics", "..\..\lib\PccLibMetrics\PccLibMetrics.vcxproj", "{D98B6C4D-DD56-38EA-ADA0-482738D89288}"
	ProjectSection(ProjectDependencies) = postProject
		{3323BC58-6D65-3601-A373-7D4D80732B8D} = {3323BC58-6D65-3601-A373-7D4D80732B8D}
		{DD6E42B0-2496-3373-A33C-F89159B59FA1} = {DD6E42B0-2496-3373-A33C-F89159B59FA1}
	EndProjectSection
EndProject
Project("{8BC9CEB8-8B4A-11D0-8D11-00A0C91BC942}") = "ZERO_CHECK", "..\..\..\\ZERO_CHECK.vcxproj", "{DD6E42B0-2496-3373-A33C-F89159B59FA1}"
	ProjectSection(ProjectDependencies) = postProject
	EndProjectSection
EndProject
Project("{8BC9CEB8-8B4A-11D0-8D11-00A0C91BC942}") = "tbb_static", "..\..\..\dependencies\tbb\tbb_static.vcxproj", "{84CB8609-9489-3325-BE47-90906BB8B623}"
	ProjectSection(ProjectDependencies) = postProject
		{DD6E42B0-2496-3373-A33C-F89159B59FA1} = {DD6E42B0-2496-3373-A33C-F89159B59FA1}
	EndProjectSection
EndProject
Global
	GlobalSection(SolutionConfigurationPlatforms) = preSolution
		Debug|x64 = Debug|x64
		Release|x64 = Release|x64
		MinSizeRel|x64 = MinSizeRel|x64
		RelWithDebInfo|x64 = RelWithDebInfo|x64
	EndGlobalSection
	GlobalSection(ProjectConfigurationPlatforms) = postSolution
		{FD03A858-2AFB-3F5A-B144-69328F11CA57}.Debug|x64.ActiveCfg = Debug|x64
		{FD03A858-2AFB-3F5A-B144-69328F11CA57}.Debug|x64.Build.0 = Debug|x64
		{FD03A858-2AFB-3F5A-B144-69328F11CA57}.Release|x64.ActiveCfg = Release|x64
		{FD03A858-2AFB-3F5A-B144-69328F11CA57}.Release|x64.Build.0 = Release|x64
		{FD03A858-2AFB-3F5A-B144-69328F11CA57}.MinSizeRel|x64.ActiveCfg = MinSizeRel|x64
		{FD03A858-2AFB-3F5A-B144-69328F11CA57}.MinSizeRel|x64.Build.0 = MinSizeRel|x64
		{FD03A858-2AFB-3F5A-B144-69328F11CA57}.RelWithDebInfo|x64.ActiveCfg = RelWithDebInfo|x64
		{FD03A858-2AFB-3F5A-B144-69328F11CA57}.RelWithDebInfo|x64.Build.0 = RelWithDebInfo|x64
		{37C89627-5684-33F3-9C32-A4A8B6ED88AD}.Debug|x64.ActiveCfg = Debug|x64
		{37C89627-5684-33F3-9C32-A4A8B6ED88AD}.Release|x64.ActiveCfg = Release|x64
		{37C89627-5684-33F3-9C32-A4A8B6ED88AD}.MinSizeRel|x64.ActiveCfg = MinSizeRel|x64
		{37C89627-5684-33F3-9C32-A4A8B6ED88AD}.RelWithDebInfo|x64.ActiveCfg = RelWithDebInfo|x64
		{7B74F9EF-6BAE-313F-95DC-C047ECFDF804}.Debug|x64.ActiveCfg = Debug|x64
		{7B74F9EF-6BAE-313F-95DC-C047ECFDF804}.Debug|x64.Build.0 = Debug|x64
		{7B74F9EF-6BAE-313F-95DC-C047ECFDF804}.Release|x64.ActiveCfg = Release|x64
		{7B74F9EF-6BAE-313F-95DC-C047ECFDF804}.Release|x64.Build.0 = Release|x64
		{7B74F9EF-6BAE-313F-95DC-C047ECFDF804}.MinSizeRel|x64.ActiveCfg = MinSizeRel|x64
		{7B74F9EF-6BAE-313F-95DC-C047ECFDF804}.MinSizeRel|x64.Build.0 = MinSizeRel|x64
		{7B74F9EF-6BAE-313F-95DC-C047ECFDF804}.RelWithDebInfo|x64.ActiveCfg = RelWithDebInfo|x64
		{7B74F9EF-6BAE-313F-95DC-C047ECFDF804}.RelWithDebInfo|x64.Build.0 = RelWithDebInfo|x64
		{3323BC58-6D65-3601-A373-7D4D80732B8D}.Debug|x64.ActiveCfg = Debug|x64
		{3323BC58-6D65-3601-A373-7D4D80732B8D}.Debug|x64.Build.0 = Debug|x64
		{3323BC58-6D65-3601-A373-7D4D80732B8D}.Release|x64.ActiveCfg = Release|x64
		{3323BC58-6D65-3601-A373-7D4D80732B8D}.Release|x64.Build.0 = Release|x64
		{3323BC58-6D65-3601-A373-7D4D80732B8D}.MinSizeRel|x64.ActiveCfg = MinSizeRel|x64
		{3323BC58-6D65-3601-A373-7D4D80732B8D}.MinSizeRel|x64.Build.0 = MinSizeRel|x64
		{3323BC58-6D65-3601-A373-7D4D80732B8D}.RelWithDebInfo|x64.ActiveCfg = RelWithDebInfo|x64
		{3323BC58-6D65-3601-A373-7D4D80732B8D}.RelWithDebInfo|x64.Build.0 = RelWithDebInfo|x64
		{D98B6C4D-DD56-38EA-ADA0-482738D89288}.Debug|x64.ActiveCfg = Debug|x64
		{D98B6C4D-DD56-38EA-ADA0-482738D89288}.Debug|x64.Build.0 = Debug|x64
		{D98B6C4D-DD56-38EA-ADA0-482738D89288}.Release|x64.ActiveCfg = Release|x64
		{D98B6C4D-DD56-38EA-ADA0-482738D89288}.Release|x64.Build.0 = Release|x64
		{D98B6C4D-DD56-38EA-ADA0-482738D89288}.MinSizeRel|x64.ActiveCfg = MinSizeRel|x64
		{D98B6C4D-DD56-38EA-ADA0-482738D89288}.MinSizeRel|x64.Build.0 = MinSizeRel|x64
		{D98B6C4D-DD56-38EA-ADA0-482738D89288}.RelWithDebInfo|x64.ActiveCfg = RelWithDebInfo|x64
		{D98B6C4D-DD56-38EA-ADA0-482738D89288}.RelWithDebInfo|x64.Build.0 = RelWithDebInfo|x64
		{DD6E42B0-2496-3373-A33C-F89159B59FA1}.Debug|x64.ActiveCfg = Debug|x64
		{DD6E42B0-2496-3373-A33C-F89159B59FA1}.Debug|x64.Build.0 = Debug|x64
		{DD6E42B0-2496-3373-A33C-F89159B59FA1}.Release|x64.ActiveCfg = Release|x64
		{DD6E42B0-2496-3373-A33C-F89159B59FA1}.Release|x64.Build.0 = Release|x64
		{DD6E42B0-2496-3373-A33C-F89159B59FA1}.MinSizeRel|x64.ActiveCfg = MinSizeRel|x64
		{DD6E42B0-2496-3373-A33C-F89159B59FA1}.MinSizeRel|x64.Build.0 = MinSizeRel|x64
		{DD6E42B0-2496-3373-A33C-F89159B59FA1}.RelWithDebInfo|x64.ActiveCfg = RelWithDebInfo|x64
		{DD6E42B0-2496-3373-A33C-F89159B59FA1}.RelWithDebInfo|x64.Build.0 = RelWithDebInfo|x64
		{84CB8609-9489-3325-BE47-90906BB8B623}.Debug|x64.ActiveCfg = Debug|x64
		{84CB8609-9489-3325-BE47-90906BB8B623}.Debug|x64.Build.0 = Debug|x64
		{84CB8609-9489-3325-BE47-90906BB8B623}.Release|x64.ActiveCfg = Release|x64
		{84CB8609-9489-3325-BE47-90906BB8B623}.Release|x64.Build.0 = Release|x64
		{84CB8609-9489-3325-BE47-90906BB8B623}.MinSizeRel|x64.ActiveCfg = MinSizeRel|x64
		{84CB8609-9489-3325-BE47-90906BB8B623}.MinSizeRel|x64.Build.0 = MinSizeRel|x64
		{84CB8609-9489-3325-BE47-90906BB8B623}.RelWithDebInfo|x64.ActiveCfg = RelWithDebInfo|x64
		{84CB8609-9489-3325-BE47-90906BB8B623}.RelWithDebInfo|x64.Build.0 = RelWithDebInfo|x64
	EndGlobalSection
	GlobalSection(ExtensibilityGlobals) = postSolution
		SolutionGuid = {2A93E8E9-ABCC-343A-BB8D-8AB1DB75D087}
	EndGlobalSection
	GlobalSection(ExtensibilityAddIns) = postSolution
	EndGlobalSection
EndGlobal
